
Microsoft Visual Studio Solution File, Format Version 12.00
# Visual Studio Version 17
VisualStudioVersion = 17.14.36616.10
MinimumVisualStudioVersion = 10.0.40219.1
Project("{FAE04EC0-301F-11D3-BF4B-00C04F79EFBC}") = "Bai01", "Bai01\Bai01.csproj", "{335F0EAF-9753-4FE5-97D3-1E3E8AE933C5}"
EndProject
Project("{FAE04EC0-301F-11D3-BF4B-00C04F79EFBC}") = "Bai02", "Bai02\Bai02.csproj", "{48115475-2447-4AAC-9837-0FE7A948B40D}"
EndProject
Project("{FAE04EC0-301F-11D3-BF4B-00C04F79EFBC}") = "Bai03", "Bai03\Bai03.csproj", "{6A9850BC-7857-4C67-8C2C-26DF89052925}"
EndProject
Project("{FAE04EC0-301F-11D3-BF4B-00C04F79EFBC}") = "Bai04", "Bai04\Bai04.csproj", "{522E4BD1-483B-4267-BD05-89B67762CD77}"
EndProject
Project("{FAE04EC0-301F-11D3-BF4B-00C04F79EFBC}") = "Bai05", "Bai05\Bai05.csproj", "{F08222F2-362C-4925-AE43-1972335A2621}"
EndProject
Project("{FAE04EC0-301F-11D3-BF4B-00C04F79EFBC}") = "Bai06", "Bai06\Bai06.csproj", "{61C17D0C-0638-46C7-8499-13383481D35D}"
EndProject
Project("{FAE04EC0-301F-11D3-BF4B-00C04F79EFBC}") = "Bai07", "Bai07\Bai07.csproj", "{A209B889-2F3D-40F5-B880-193EB2CA9BDF}"
EndProject
Global
	GlobalSection(SolutionConfigurationPlatforms) = preSolution
		Debug|Any CPU = Debug|Any CPU
		Release|Any CPU = Release|Any CPU
	EndGlobalSection
	GlobalSection(ProjectConfigurationPlatforms) = postSolution
		{335F0EAF-9753-4FE5-97D3-1E3E8AE933C5}.Debug|Any CPU.ActiveCfg = Debug|Any CPU
		{335F0EAF-9753-4FE5-97D3-1E3E8AE933C5}.Debug|Any CPU.Build.0 = Debug|Any CPU
		{335F0EAF-9753-4FE5-97D3-1E3E8AE933C5}.Release|Any CPU.ActiveCfg = Release|Any CPU
		{335F0EAF-9753-4FE5-97D3-1E3E8AE933C5}.Release|Any CPU.Build.0 = Release|Any CPU
		{48115475-2447-4AAC-9837-0FE7A948B40D}.Debug|Any CPU.ActiveCfg = Debug|Any CPU
		{48115475-2447-4AAC-9837-0FE7A948B40D}.Debug|Any CPU.Build.0 = Debug|Any CPU
		{48115475-2447-4AAC-9837-0FE7A948B40D}.Release|Any CPU.ActiveCfg = Release|Any CPU
		{48115475-2447-4AAC-9837-0FE7A948B40D}.Release|Any CPU.Build.0 = Release|Any CPU
		{6A9850BC-7857-4C67-8C2C-26DF89052925}.Debug|Any CPU.ActiveCfg = Debug|Any CPU
		{6A9850BC-7857-4C67-8C2C-26DF89052925}.Debug|Any CPU.Build.0 = Debug|Any CPU
		{6A9850BC-7857-4C67-8C2C-26DF89052925}.Release|Any CPU.ActiveCfg = Release|Any CPU
		{6A9850BC-7857-4C67-8C2C-26DF89052925}.Release|Any CPU.Build.0 = Release|Any CPU
		{522E4BD1-483B-4267-BD05-89B67762CD77}.Debug|Any CPU.ActiveCfg = Debug|Any CPU
		{522E4BD1-483B-4267-BD05-89B67762CD77}.Debug|Any CPU.Build.0 = Debug|Any CPU
		{522E4BD1-483B-4267-BD05-89B67762CD77}.Release|Any CPU.ActiveCfg = Release|Any CPU
		{522E4BD1-483B-4267-BD05-89B67762CD77}.Release|Any CPU.Build.0 = Release|Any CPU
		{F08222F2-362C-4925-AE43-1972335A2621}.Debug|Any CPU.ActiveCfg = Debug|Any CPU
		{F08222F2-362C-4925-AE43-1972335A2621}.Debug|Any CPU.Build.0 = Debug|Any CPU
		{F08222F2-362C-4925-AE43-1972335A2621}.Release|Any CPU.ActiveCfg = Release|Any CPU
		{F08222F2-362C-4925-AE43-1972335A2621}.Release|Any CPU.Build.0 = Release|Any CPU
		{61C17D0C-0638-46C7-8499-13383481D35D}.Debug|Any CPU.ActiveCfg = Debug|Any CPU
		{61C17D0C-0638-46C7-8499-13383481D35D}.Debug|Any CPU.Build.0 = Debug|Any CPU
		{61C17D0C-0638-46C7-8499-13383481D35D}.Release|Any CPU.ActiveCfg = Release|Any CPU
		{61C17D0C-0638-46C7-8499-13383481D35D}.Release|Any CPU.Build.0 = Release|Any CPU
		{A209B889-2F3D-40F5-B880-193EB2CA9BDF}.Debug|Any CPU.ActiveCfg = Debug|Any CPU
		{A209B889-2F3D-40F5-B880-193EB2CA9BDF}.Debug|Any CPU.Build.0 = Debug|Any CPU
		{A209B889-2F3D-40F5-B880-193EB2CA9BDF}.Release|Any CPU.ActiveCfg = Release|Any CPU
		{A209B889-2F3D-40F5-B880-193EB2CA9BDF}.Release|Any CPU.Build.0 = Release|Any CPU
	EndGlobalSection
	GlobalSection(SolutionProperties) = preSolution
		HideSolutionNode = FALSE
	EndGlobalSection
	GlobalSection(ExtensibilityGlobals) = postSolution
		SolutionGuid = {C6D88061-D7D8-4D4D-8B10-B5EF4C7AE7A7}
	EndGlobalSection
EndGlobal
