
Microsoft Visual Studio Solution File, Format Version 12.00
# Visual Studio Version 17
VisualStudioVersion = 17.14.36616.10 d17.14
MinimumVisualStudioVersion = 10.0.40219.1
Project("{FAE04EC0-301F-11D3-BF4B-00C04F79EFBC}") = "Bai02", "Bai02\Bai02.csproj", "{096A515F-B961-40EE-B1F6-C29B26CBF406}"
EndProject
Project("{FAE04EC0-301F-11D3-BF4B-00C04F79EFBC}") = "Bai03", "Bai03\Bai03.csproj", "{5518AF71-B056-47E2-BB47-E241750CB3E4}"
EndProject
Project("{FAE04EC0-301F-11D3-BF4B-00C04F79EFBC}") = "Bai04", "Bai04\Bai04.csproj", "{9436ACC7-162A-4B51-8CD4-008E982567E3}"
EndProject
Project("{FAE04EC0-301F-11D3-BF4B-00C04F79EFBC}") = "Bai05", "Bai05\Bai05.csproj", "{B140F004-7FEA-4EA7-9ADE-4166BCD93957}"
EndProject
Project("{FAE04EC0-301F-11D3-BF4B-00C04F79EFBC}") = "Bai06", "Bai06\Bai06.csproj", "{0385A822-914F-4B6E-A397-362CED223D8D}"
EndProject
Global
	GlobalSection(SolutionConfigurationPlatforms) = preSolution
		Debug|Any CPU = Debug|Any CPU
		Release|Any CPU = Release|Any CPU
	EndGlobalSection
	GlobalSection(ProjectConfigurationPlatforms) = postSolution
		{096A515F-B961-40EE-B1F6-C29B26CBF406}.Debug|Any CPU.ActiveCfg = Debug|Any CPU
		{096A515F-B961-40EE-B1F6-C29B26CBF406}.Debug|Any CPU.Build.0 = Debug|Any CPU
		{096A515F-B961-40EE-B1F6-C29B26CBF406}.Release|Any CPU.ActiveCfg = Release|Any CPU
		{096A515F-B961-40EE-B1F6-C29B26CBF406}.Release|Any CPU.Build.0 = Release|Any CPU
		{5518AF71-B056-47E2-BB47-E241750CB3E4}.Debug|Any CPU.ActiveCfg = Debug|Any CPU
		{5518AF71-B056-47E2-BB47-E241750CB3E4}.Debug|Any CPU.Build.0 = Debug|Any CPU
		{5518AF71-B056-47E2-BB47-E241750CB3E4}.Release|Any CPU.ActiveCfg = Release|Any CPU
		{5518AF71-B056-47E2-BB47-E241750CB3E4}.Release|Any CPU.Build.0 = Release|Any CPU
		{9436ACC7-162A-4B51-8CD4-008E982567E3}.Debug|Any CPU.ActiveCfg = Debug|Any CPU
		{9436ACC7-162A-4B51-8CD4-008E982567E3}.Debug|Any CPU.Build.0 = Debug|Any CPU
		{9436ACC7-162A-4B51-8CD4-008E982567E3}.Release|Any CPU.ActiveCfg = Release|Any CPU
		{9436ACC7-162A-4B51-8CD4-008E982567E3}.Release|Any CPU.Build.0 = Release|Any CPU
		{B140F004-7FEA-4EA7-9ADE-4166BCD93957}.Debug|Any CPU.ActiveCfg = Debug|Any CPU
		{B140F004-7FEA-4EA7-9ADE-4166BCD93957}.Debug|Any CPU.Build.0 = Debug|Any CPU
		{B140F004-7FEA-4EA7-9ADE-4166BCD93957}.Release|Any CPU.ActiveCfg = Release|Any CPU
		{B140F004-7FEA-4EA7-9ADE-4166BCD93957}.Release|Any CPU.Build.0 = Release|Any CPU
		{0385A822-914F-4B6E-A397-362CED223D8D}.Debug|Any CPU.ActiveCfg = Debug|Any CPU
		{0385A822-914F-4B6E-A397-362CED223D8D}.Debug|Any CPU.Build.0 = Debug|Any CPU
		{0385A822-914F-4B6E-A397-362CED223D8D}.Release|Any CPU.ActiveCfg = Release|Any CPU
		{0385A822-914F-4B6E-A397-362CED223D8D}.Release|Any CPU.Build.0 = Release|Any CPU
	EndGlobalSection
	GlobalSection(SolutionProperties) = preSolution
		HideSolutionNode = FALSE
	EndGlobalSection
	GlobalSection(ExtensibilityGlobals) = postSolution
		SolutionGuid = {B3B639A3-62BE-4169-8F6C-A0C2F5C78500}
	EndGlobalSection
EndGlobal
